# THIS IS AN AUTOGENERATED FILE. DO NOT EDIT THIS FILE DIRECTLY.
# yarn lockfile v1


squid-plugins@^0.1.0:
  version "0.1.0"
  resolved "https://registry.yarnpkg.com/squid-plugins/-/squid-plugins-0.1.0.tgz#868f056553f6fe079c8da6907291088949a9e1c4"
  integrity sha512-Hq128Jw+uQ1KcPOj4LXW42wYHWgsCi2NJ6nVUDYv68QW7vpWtieml22AeQgkfpavJNfmD2tcqB7DJXIjf+kMNw==

typescript@^4.2.3:
  version "4.2.3"
  resolved "https://registry.yarnpkg.com/typescript/-/typescript-4.2.3.tgz#39062d8019912d43726298f09493d598048c1ce3"
  integrity sha512-qOcYwxaByStAWrBf4x0fibwZvMRG+r4cQoTjbPtUlrWjBHbmCAww1i448U0GJ+3cNNEtebDteo/cHOR3xJ4wEw==
